
Microsoft Visual Studio Solution File, Format Version 12.00
# Visual Studio 15
VisualStudioVersion = 15.0.27428.2015
MinimumVisualStudioVersion = 10.0.40219.1
Project("{9A19103F-16F7-4668-BE54-9A1E7A4F7556}") = "CodeshopWarehouse.Business.Test", "UnitTestProject1\CodeshopWarehouse.Business.Test.csproj", "{8482E2D1-D9A0-4B4C-8602-6CA2A50156CA}"
EndProject
Project("{9A19103F-16F7-4668-BE54-9A1E7A4F7556}") = "CodeshopWarehouse.Business", "CodeshopWarehouse.Business\CodeshopWarehouse.Business.csproj", "{19C7C6A7-FF11-4E46-B9F0-894977232D7F}"
EndProject
Project("{9A19103F-16F7-4668-BE54-9A1E7A4F7556}") = "CodeshopWarehouse.Data", "CodeshopWarehouse.Data\CodeshopWarehouse.Data.csproj", "{A742DCC5-B28F-46E5-9178-6819C9C71B83}"
EndProject
Project("{9A19103F-16F7-4668-BE54-9A1E7A4F7556}") = "CodeshopWarehouse.Entities", "CodeshopWarehouse.Entities\CodeshopWarehouse.Entities.csproj", "{7104A1FC-AA2C-4880-B6C2-533361454C06}"
EndProject
Project("{FAE04EC0-301F-11D3-BF4B-00C04F79EFBC}") = "CodeshopWarehouse.Web", "CodeshopWarehouse.Web\CodeshopWarehouse.Web.csproj", "{BD0B753F-F71E-4FB1-9D1F-B7F489B14F7F}"
EndProject
Global
	GlobalSection(SolutionConfigurationPlatforms) = preSolution
		Debug|Any CPU = Debug|Any CPU
		Release|Any CPU = Release|Any CPU
	EndGlobalSection
	GlobalSection(ProjectConfigurationPlatforms) = postSolution
		{8482E2D1-D9A0-4B4C-8602-6CA2A50156CA}.Debug|Any CPU.ActiveCfg = Debug|Any CPU
		{8482E2D1-D9A0-4B4C-8602-6CA2A50156CA}.Debug|Any CPU.Build.0 = Debug|Any CPU
		{8482E2D1-D9A0-4B4C-8602-6CA2A50156CA}.Release|Any CPU.ActiveCfg = Release|Any CPU
		{8482E2D1-D9A0-4B4C-8602-6CA2A50156CA}.Release|Any CPU.Build.0 = Release|Any CPU
		{19C7C6A7-FF11-4E46-B9F0-894977232D7F}.Debug|Any CPU.ActiveCfg = Debug|Any CPU
		{19C7C6A7-FF11-4E46-B9F0-894977232D7F}.Debug|Any CPU.Build.0 = Debug|Any CPU
		{19C7C6A7-FF11-4E46-B9F0-894977232D7F}.Release|Any CPU.ActiveCfg = Release|Any CPU
		{19C7C6A7-FF11-4E46-B9F0-894977232D7F}.Release|Any CPU.Build.0 = Release|Any CPU
		{A742DCC5-B28F-46E5-9178-6819C9C71B83}.Debug|Any CPU.ActiveCfg = Debug|Any CPU
		{A742DCC5-B28F-46E5-9178-6819C9C71B83}.Debug|Any CPU.Build.0 = Debug|Any CPU
		{A742DCC5-B28F-46E5-9178-6819C9C71B83}.Release|Any CPU.ActiveCfg = Release|Any CPU
		{A742DCC5-B28F-46E5-9178-6819C9C71B83}.Release|Any CPU.Build.0 = Release|Any CPU
		{7104A1FC-AA2C-4880-B6C2-533361454C06}.Debug|Any CPU.ActiveCfg = Debug|Any CPU
		{7104A1FC-AA2C-4880-B6C2-533361454C06}.Debug|Any CPU.Build.0 = Debug|Any CPU
		{7104A1FC-AA2C-4880-B6C2-533361454C06}.Release|Any CPU.ActiveCfg = Release|Any CPU
		{7104A1FC-AA2C-4880-B6C2-533361454C06}.Release|Any CPU.Build.0 = Release|Any CPU
		{BD0B753F-F71E-4FB1-9D1F-B7F489B14F7F}.Debug|Any CPU.ActiveCfg = Debug|Any CPU
		{BD0B753F-F71E-4FB1-9D1F-B7F489B14F7F}.Debug|Any CPU.Build.0 = Debug|Any CPU
		{BD0B753F-F71E-4FB1-9D1F-B7F489B14F7F}.Release|Any CPU.ActiveCfg = Release|Any CPU
		{BD0B753F-F71E-4FB1-9D1F-B7F489B14F7F}.Release|Any CPU.Build.0 = Release|Any CPU
	EndGlobalSection
	GlobalSection(SolutionProperties) = preSolution
		HideSolutionNode = FALSE
	EndGlobalSection
	GlobalSection(ExtensibilityGlobals) = postSolution
		SolutionGuid = {55F7E129-575D-4499-ADE7-C5B5ABBAD280}
	EndGlobalSection
EndGlobal
